// !$*UTF8*$!
{
	archiveVersion = 1;
	classes = {
	};
	objectVersion = 56;
	objects = {

/* Begin PBXBuildFile section */
		DA9997B12A66063F001CD456 /* AppDelegate.swift in Sources */ = {isa = PBXBuildFile; fileRef = DA9997B02A66063F001CD456 /* AppDelegate.swift */; };
		DA9997B32A66063F001CD456 /* SceneDelegate.swift in Sources */ = {isa = PBXBuildFile; fileRef = DA9997B22A66063F001CD456 /* SceneDelegate.swift */; };
		DA9997B52A66063F001CD456 /* Login.swift in Sources */ = {isa = PBXBuildFile; fileRef = DA9997B42A66063F001CD456 /* Login.swift */; };
		DA9997BA2A660645001CD456 /* Assets.xcassets in Resources */ = {isa = PBXBuildFile; fileRef = DA9997B92A660645001CD456 /* Assets.xcassets */; };
		DA9997C82A660645001CD456 /* PracticeAppTests.swift in Sources */ = {isa = PBXBuildFile; fileRef = DA9997C72A660645001CD456 /* PracticeAppTests.swift */; };
		DA9997D22A660645001CD456 /* PracticeAppUITests.swift in Sources */ = {isa = PBXBuildFile; fileRef = DA9997D12A660645001CD456 /* PracticeAppUITests.swift */; };
		DA9997D42A660645001CD456 /* PracticeAppUITestsLaunchTests.swift in Sources */ = {isa = PBXBuildFile; fileRef = DA9997D32A660645001CD456 /* PracticeAppUITestsLaunchTests.swift */; };
		DAFAB3172A7695FD00DDAC4F /* HomeView.swift in Sources */ = {isa = PBXBuildFile; fileRef = DAFAB3162A7695FD00DDAC4F /* HomeView.swift */; };
		DAFAB3192A769D4100DDAC4F /* ProfileView.swift in Sources */ = {isa = PBXBuildFile; fileRef = DAFAB3182A769D4100DDAC4F /* ProfileView.swift */; };
		DAFAB31B2A769E0400DDAC4F /* Present.swift in Sources */ = {isa = PBXBuildFile; fileRef = DAFAB31A2A769E0400DDAC4F /* Present.swift */; };
/* End PBXBuildFile section */

/* Begin PBXContainerItemProxy section */
		DA9997C42A660645001CD456 /* PBXContainerItemProxy */ = {
			isa = PBXContainerItemProxy;
			containerPortal = DA9997A52A66063E001CD456 /* Project object */;
			proxyType = 1;
			remoteGlobalIDString = DA9997AC2A66063F001CD456;
			remoteInfo = PracticeApp;
		};
		DA9997CE2A660645001CD456 /* PBXContainerItemProxy */ = {
			isa = PBXContainerItemProxy;
			containerPortal = DA9997A52A66063E001CD456 /* Project object */;
			proxyType = 1;
			remoteGlobalIDString = DA9997AC2A66063F001CD456;
			remoteInfo = PracticeApp;
		};
/* End PBXContainerItemProxy section */

/* Begin PBXFileReference section */
		DA9997AD2A66063F001CD456 /* PracticeApp.app */ = {isa = PBXFileReference; explicitFileType = wrapper.application; includeInIndex = 0; path = PracticeApp.app; sourceTree = BUILT_PRODUCTS_DIR; };
		DA9997B02A66063F001CD456 /* AppDelegate.swift */ = {isa = PBXFileReference; lastKnownFileType = sourcecode.swift; path = AppDelegate.swift; sourceTree = "<group>"; };
		DA9997B22A66063F001CD456 /* SceneDelegate.swift */ = {isa = PBXFileReference; lastKnownFileType = sourcecode.swift; path = SceneDelegate.swift; sourceTree = "<group>"; };
		DA9997B42A66063F001CD456 /* Login.swift */ = {isa = PBXFileReference; lastKnownFileType = sourcecode.swift; path = Login.swift; sourceTree = "<group>"; };
		DA9997B92A660645001CD456 /* Assets.xcassets */ = {isa = PBXFileReference; lastKnownFileType = folder.assetcatalog; path = Assets.xcassets; sourceTree = "<group>"; };
		DA9997BE2A660645001CD456 /* Info.plist */ = {isa = PBXFileReference; lastKnownFileType = text.plist.xml; path = Info.plist; sourceTree = "<group>"; };
		DA9997C32A660645001CD456 /* PracticeAppTests.xctest */ = {isa = PBXFileReference; explicitFileType = wrapper.cfbundle; includeInIndex = 0; path = PracticeAppTests.xctest; sourceTree = BUILT_PRODUCTS_DIR; };
		DA9997C72A660645001CD456 /* PracticeAppTests.swift */ = {isa = PBXFileReference; lastKnownFileType = sourcecode.swift; path = PracticeAppTests.swift; sourceTree = "<group>"; };
		DA9997CD2A660645001CD456 /* PracticeAppUITests.xctest */ = {isa = PBXFileReference; explicitFileType = wrapper.cfbundle; includeInIndex = 0; path = PracticeAppUITests.xctest; sourceTree = BUILT_PRODUCTS_DIR; };
		DA9997D12A660645001CD456 /* PracticeAppUITests.swift */ = {isa = PBXFileReference; lastKnownFileType = sourcecode.swift; path = PracticeAppUITests.swift; sourceTree = "<group>"; };
		DA9997D32A660645001CD456 /* PracticeAppUITestsLaunchTests.swift */ = {isa = PBXFileReference; lastKnownFileType = sourcecode.swift; path = PracticeAppUITestsLaunchTests.swift; sourceTree = "<group>"; };
		DAFAB3162A7695FD00DDAC4F /* HomeView.swift */ = {isa = PBXFileReference; lastKnownFileType = sourcecode.swift; path = HomeView.swift; sourceTree = "<group>"; };
		DAFAB3182A769D4100DDAC4F /* ProfileView.swift */ = {isa = PBXFileReference; lastKnownFileType = sourcecode.swift; path = ProfileView.swift; sourceTree = "<group>"; };
		DAFAB31A2A769E0400DDAC4F /* Present.swift */ = {isa = PBXFileReference; lastKnownFileType = sourcecode.swift; path = Present.swift; sourceTree = "<group>"; };
/* End PBXFileReference section */

/* Begin PBXFrameworksBuildPhase section */
		DA9997AA2A66063F001CD456 /* Frameworks */ = {
			isa = PBXFrameworksBuildPhase;
			buildActionMask = 2147483647;
			files = (
			);
			runOnlyForDeploymentPostprocessing = 0;
		};
		DA9997C02A660645001CD456 /* Frameworks */ = {
			isa = PBXFrameworksBuildPhase;
			buildActionMask = 2147483647;
			files = (
			);
			runOnlyForDeploymentPostprocessing = 0;
		};
		DA9997CA2A660645001CD456 /* Frameworks */ = {
			isa = PBXFrameworksBuildPhase;
			buildActionMask = 2147483647;
			files = (
			);
			runOnlyForDeploymentPostprocessing = 0;
		};
/* End PBXFrameworksBuildPhase section */

/* Begin PBXGroup section */
		DA9997A42A66063E001CD456 = {
			isa = PBXGroup;
			children = (
				DA9997AF2A66063F001CD456 /* PracticeApp */,
				DA9997C62A660645001CD456 /* PracticeAppTests */,
				DA9997D02A660645001CD456 /* PracticeAppUITests */,
				DA9997AE2A66063F001CD456 /* Products */,
			);
			sourceTree = "<group>";
		};
		DA9997AE2A66063F001CD456 /* Products */ = {
			isa = PBXGroup;
			children = (
				DA9997AD2A66063F001CD456 /* PracticeApp.app */,
				DA9997C32A660645001CD456 /* PracticeAppTests.xctest */,
				DA9997CD2A660645001CD456 /* PracticeAppUITests.xctest */,
			);
			name = Products;
			sourceTree = "<group>";
		};
		DA9997AF2A66063F001CD456 /* PracticeApp */ = {
			isa = PBXGroup;
			children = (
				DA9997B02A66063F001CD456 /* AppDelegate.swift */,
				DA9997B22A66063F001CD456 /* SceneDelegate.swift */,
				DA9997B42A66063F001CD456 /* Login.swift */,
				DAFAB3162A7695FD00DDAC4F /* HomeView.swift */,
				DAFAB3182A769D4100DDAC4F /* ProfileView.swift */,
				DA9997B92A660645001CD456 /* Assets.xcassets */,
				DA9997BE2A660645001CD456 /* Info.plist */,
				DAFAB31A2A769E0400DDAC4F /* Present.swift */,
			);
			path = PracticeApp;
			sourceTree = "<group>";
		};
		DA9997C62A660645001CD456 /* PracticeAppTests */ = {
			isa = PBXGroup;
			children = (
				DA9997C72A660645001CD456 /* PracticeAppTests.swift */,
			);
			path = PracticeAppTests;
			sourceTree = "<group>";
		};
		DA9997D02A660645001CD456 /* PracticeAppUITests */ = {
			isa = PBXGroup;
			children = (
				DA9997D12A660645001CD456 /* PracticeAppUITests.swift */,
				DA9997D32A660645001CD456 /* PracticeAppUITestsLaunchTests.swift */,
			);
			path = PracticeAppUITests;
			sourceTree = "<group>";
		};
/* End PBXGroup section */

/* Begin PBXNativeTarget section */
		DA9997AC2A66063F001CD456 /* PracticeApp */ = {
			isa = PBXNativeTarget;
			buildConfigurationList = DA9997D72A660645001CD456 /* Build configuration list for PBXNativeTarget "PracticeApp" */;
			buildPhases = (
				DA9997A92A66063F001CD456 /* Sources */,
				DA9997AA2A66063F001CD456 /* Frameworks */,
				DA9997AB2A66063F001CD456 /* Resources */,
			);
			buildRules = (
			);
			dependencies = (
			);
			name = PracticeApp;
			productName = PracticeApp;
			productReference = DA9997AD2A66063F001CD456 /* PracticeApp.app */;
			productType = "com.apple.product-type.application";
		};
		DA9997C22A660645001CD456 /* PracticeAppTests */ = {
			isa = PBXNativeTarget;
			buildConfigurationList = DA9997DA2A660645001CD456 /* Build configuration list for PBXNativeTarget "PracticeAppTests" */;
			buildPhases = (
				DA9997BF2A660645001CD456 /* Sources */,
				DA9997C02A660645001CD456 /* Frameworks */,
				DA9997C12A660645001CD456 /* Resources */,
			);
			buildRules = (
			);
			dependencies = (
				DA9997C52A660645001CD456 /* PBXTargetDependency */,
			);
			name = PracticeAppTests;
			productName = PracticeAppTests;
			productReference = DA9997C32A660645001CD456 /* PracticeAppTests.xctest */;
			productType = "com.apple.product-type.bundle.unit-test";
		};
		DA9997CC2A660645001CD456 /* PracticeAppUITests */ = {
			isa = PBXNativeTarget;
			buildConfigurationList = DA9997DD2A660645001CD456 /* Build configuration list for PBXNativeTarget "PracticeAppUITests" */;
			buildPhases = (
				DA9997C92A660645001CD456 /* Sources */,
				DA9997CA2A660645001CD456 /* Frameworks */,
				DA9997CB2A660645001CD456 /* Resources */,
			);
			buildRules = (
			);
			dependencies = (
				DA9997CF2A660645001CD456 /* PBXTargetDependency */,
			);
			name = PracticeAppUITests;
			productName = PracticeAppUITests;
			productReference = DA9997CD2A660645001CD456 /* PracticeAppUITests.xctest */;
			productType = "com.apple.product-type.bundle.ui-testing";
		};
/* End PBXNativeTarget section */

/* Begin PBXProject section */
		DA9997A52A66063E001CD456 /* Project object */ = {
			isa = PBXProject;
			attributes = {
				BuildIndependentTargetsInParallel = 1;
				LastSwiftUpdateCheck = 1430;
				LastUpgradeCheck = 1430;
				TargetAttributes = {
					DA9997AC2A66063F001CD456 = {
						CreatedOnToolsVersion = 14.3.1;
					};
					DA9997C22A660645001CD456 = {
						CreatedOnToolsVersion = 14.3.1;
						TestTargetID = DA9997AC2A66063F001CD456;
					};
					DA9997CC2A660645001CD456 = {
						CreatedOnToolsVersion = 14.3.1;
						TestTargetID = DA9997AC2A66063F001CD456;
					};
				};
			};
			buildConfigurationList = DA9997A82A66063F001CD456 /* Build configuration list for PBXProject "PracticeApp" */;
			compatibilityVersion = "Xcode 14.0";
			developmentRegion = en;
			hasScannedForEncodings = 0;
			knownRegions = (
				en,
				Base,
			);
			mainGroup = DA9997A42A66063E001CD456;
			productRefGroup = DA9997AE2A66063F001CD456 /* Products */;
			projectDirPath = "";
			projectRoot = "";
			targets = (
				DA9997AC2A66063F001CD456 /* PracticeApp */,
				DA9997C22A660645001CD456 /* PracticeAppTests */,
				DA9997CC2A660645001CD456 /* PracticeAppUITests */,
			);
		};
/* End PBXProject section */

/* Begin PBXResourcesBuildPhase section */
		DA9997AB2A66063F001CD456 /* Resources */ = {
			isa = PBXResourcesBuildPhase;
			buildActionMask = 2147483647;
			files = (
				DA9997BA2A660645001CD456 /* Assets.xcassets in Resources */,
			);
			runOnlyForDeploymentPostprocessing = 0;
		};
		DA9997C12A660645001CD456 /* Resources */ = {
			isa = PBXResourcesBuildPhase;
			buildActionMask = 2147483647;
			files = (
			);
			runOnlyForDeploymentPostprocessing = 0;
		};
		DA9997CB2A660645001CD456 /* Resources */ = {
			isa = PBXResourcesBuildPhase;
			buildActionMask = 2147483647;
			files = (
			);
			runOnlyForDeploymentPostprocessing = 0;
		};
/* End PBXResourcesBuildPhase section */

/* Begin PBXSourcesBuildPhase section */
		DA9997A92A66063F001CD456 /* Sources */ = {
			isa = PBXSourcesBuildPhase;
			buildActionMask = 2147483647;
			files = (
				DA9997B52A66063F001CD456 /* Login.swift in Sources */,
				DAFAB31B2A769E0400DDAC4F /* Present.swift in Sources */,
				DAFAB3172A7695FD00DDAC4F /* HomeView.swift in Sources */,
				DAFAB3192A769D4100DDAC4F /* ProfileView.swift in Sources */,
				DA9997B12A66063F001CD456 /* AppDelegate.swift in Sources */,
				DA9997B32A66063F001CD456 /* SceneDelegate.swift in Sources */,
			);
			runOnlyForDeploymentPostprocessing = 0;
		};
		DA9997BF2A660645001CD456 /* Sources */ = {
			isa = PBXSourcesBuildPhase;
			buildActionMask = 2147483647;
			files = (
				DA9997C82A660645001CD456 /* PracticeAppTests.swift in Sources */,
			);
			runOnlyForDeploymentPostprocessing = 0;
		};
		DA9997C92A660645001CD456 /* Sources */ = {
			isa = PBXSourcesBuildPhase;
			buildActionMask = 2147483647;
			files = (
				DA9997D22A660645001CD456 /* PracticeAppUITests.swift in Sources */,
				DA9997D42A660645001CD456 /* PracticeAppUITestsLaunchTests.swift in Sources */,
			);
			runOnlyForDeploymentPostprocessing = 0;
		};
/* End PBXSourcesBuildPhase section */

/* Begin PBXTargetDependency section */
		DA9997C52A660645001CD456 /* PBXTargetDependency */ = {
			isa = PBXTargetDependency;
			target = DA9997AC2A66063F001CD456 /* PracticeApp */;
			targetProxy = DA9997C42A660645001CD456 /* PBXContainerItemProxy */;
		};
		DA9997CF2A660645001CD456 /* PBXTargetDependency */ = {
			isa = PBXTargetDependency;
			target = DA9997AC2A66063F001CD456 /* PracticeApp */;
			targetProxy = DA9997CE2A660645001CD456 /* PBXContainerItemProxy */;
		};
/* End PBXTargetDependency section */

/* Begin XCBuildConfiguration section */
		DA9997D52A660645001CD456 /* Debug */ = {
			isa = XCBuildConfiguration;
			buildSettings = {
				ALWAYS_SEARCH_USER_PATHS = NO;
				CLANG_ANALYZER_NONNULL = YES;
				CLANG_ANALYZER_NUMBER_OBJECT_CONVERSION = YES_AGGRESSIVE;
				CLANG_CXX_LANGUAGE_STANDARD = "gnu++20";
				CLANG_ENABLE_MODULES = YES;
				CLANG_ENABLE_OBJC_ARC = YES;
				CLANG_ENABLE_OBJC_WEAK = YES;
				CLANG_WARN_BLOCK_CAPTURE_AUTORELEASING = YES;
				CLANG_WARN_BOOL_CONVERSION = YES;
				CLANG_WARN_COMMA = YES;
				CLANG_WARN_CONSTANT_CONVERSION = YES;
				CLANG_WARN_DEPRECATED_OBJC_IMPLEMENTATIONS = YES;
				CLANG_WARN_DIRECT_OBJC_ISA_USAGE = YES_ERROR;
				CLANG_WARN_DOCUMENTATION_COMMENTS = YES;
				CLANG_WARN_EMPTY_BODY = YES;
				CLANG_WARN_ENUM_CONVERSION = YES;
				CLANG_WARN_INFINITE_RECURSION = YES;
				CLANG_WARN_INT_CONVERSION = YES;
				CLANG_WARN_NON_LITERAL_NULL_CONVERSION = YES;
				CLANG_WARN_OBJC_IMPLICIT_RETAIN_SELF = YES;
				CLANG_WARN_OBJC_LITERAL_CONVERSION = YES;
				CLANG_WARN_OBJC_ROOT_CLASS = YES_ERROR;
				CLANG_WARN_QUOTED_INCLUDE_IN_FRAMEWORK_HEADER = YES;
				CLANG_WARN_RANGE_LOOP_ANALYSIS = YES;
				CLANG_WARN_STRICT_PROTOTYPES = YES;
				CLANG_WARN_SUSPICIOUS_MOVE = YES;
				CLANG_WARN_UNGUARDED_AVAILABILITY = YES_AGGRESSIVE;
				CLANG_WARN_UNREACHABLE_CODE = YES;
				CLANG_WARN__DUPLICATE_METHOD_MATCH = YES;
				COPY_PHASE_STRIP = NO;
				DEBUG_INFORMATION_FORMAT = dwarf;
				ENABLE_STRICT_OBJC_MSGSEND = YES;
				ENABLE_TESTABILITY = YES;
				GCC_C_LANGUAGE_STANDARD = gnu11;
				GCC_DYNAMIC_NO_PIC = NO;
				GCC_NO_COMMON_BLOCKS = YES;
				GCC_OPTIMIZATION_LEVEL = 0;
				GCC_PREPROCESSOR_DEFINITIONS = (
					"DEBUG=1",
					"$(inherited)",
				);
				GCC_WARN_64_TO_32_BIT_CONVERSION = YES;
				GCC_WARN_ABOUT_RETURN_TYPE = YES_ERROR;
				GCC_WARN_UNDECLARED_SELECTOR = YES;
				GCC_WARN_UNINITIALIZED_AUTOS = YES_AGGRESSIVE;
				GCC_WARN_UNUSED_FUNCTION = YES;
				GCC_WARN_UNUSED_VARIABLE = YES;
				IPHONEOS_DEPLOYMENT_TARGET = 16.4;
				MTL_ENABLE_DEBUG_INFO = INCLUDE_SOURCE;
				MTL_FAST_MATH = YES;
				ONLY_ACTIVE_ARCH = YES;
				SDKROOT = iphoneos;
				SWIFT_ACTIVE_COMPILATION_CONDITIONS = DEBUG;
				SWIFT_OPTIMIZATION_LEVEL = "-Onone";
			};
			name = Debug;
		};
		DA9997D62A660645001CD456 /* Release */ = {
			isa = XCBuildConfiguration;
			buildSettings = {
				ALWAYS_SEARCH_USER_PATHS = NO;
				CLANG_ANALYZER_NONNULL = YES;
				CLANG_ANALYZER_NUMBER_OBJECT_CONVERSION = YES_AGGRESSIVE;
				CLANG_CXX_LANGUAGE_STANDARD = "gnu++20";
				CLANG_ENABLE_MODULES = YES;
				CLANG_ENABLE_OBJC_ARC = YES;
				CLANG_ENABLE_OBJC_WEAK = YES;
				CLANG_WARN_BLOCK_CAPTURE_AUTORELEASING = YES;
				CLANG_WARN_BOOL_CONVERSION = YES;
				CLANG_WARN_COMMA = YES;
				CLANG_WARN_CONSTANT_CONVERSION = YES;
				CLANG_WARN_DEPRECATED_OBJC_IMPLEMENTATIONS = YES;
				CLANG_WARN_DIRECT_OBJC_ISA_USAGE = YES_ERROR;
				CLANG_WARN_DOCUMENTATION_COMMENTS = YES;
				CLANG_WARN_EMPTY_BODY = YES;
				CLANG_WARN_ENUM_CONVERSION = YES;
				CLANG_WARN_INFINITE_RECURSION = YES;
				CLANG_WARN_INT_CONVERSION = YES;
				CLANG_WARN_NON_LITERAL_NULL_CONVERSION = YES;
				CLANG_WARN_OBJC_IMPLICIT_RETAIN_SELF = YES;
				CLANG_WARN_OBJC_LITERAL_CONVERSION = YES;
				CLANG_WARN_OBJC_ROOT_CLASS = YES_ERROR;
				CLANG_WARN_QUOTED_INCLUDE_IN_FRAMEWORK_HEADER = YES;
				CLANG_WARN_RANGE_LOOP_ANALYSIS = YES;
				CLANG_WARN_STRICT_PROTOTYPES = YES;
				CLANG_WARN_SUSPICIOUS_MOVE = YES;
				CLANG_WARN_UNGUARDED_AVAILABILITY = YES_AGGRESSIVE;
				CLANG_WARN_UNREACHABLE_CODE = YES;
				CLANG_WARN__DUPLICATE_METHOD_MATCH = YES;
				COPY_PHASE_STRIP = NO;
				DEBUG_INFORMATION_FORMAT = "dwarf-with-dsym";
				ENABLE_NS_ASSERTIONS = NO;
				ENABLE_STRICT_OBJC_MSGSEND = YES;
				GCC_C_LANGUAGE_STANDARD = gnu11;
				GCC_NO_COMMON_BLOCKS = YES;
				GCC_WARN_64_TO_32_BIT_CONVERSION = YES;
				GCC_WARN_ABOUT_RETURN_TYPE = YES_ERROR;
				GCC_WARN_UNDECLARED_SELECTOR = YES;
				GCC_WARN_UNINITIALIZED_AUTOS = YES_AGGRESSIVE;
				GCC_WARN_UNUSED_FUNCTION = YES;
				GCC_WARN_UNUSED_VARIABLE = YES;
				IPHONEOS_DEPLOYMENT_TARGET = 16.4;
				MTL_ENABLE_DEBUG_INFO = NO;
				MTL_FAST_MATH = YES;
				SDKROOT = iphoneos;
				SWIFT_COMPILATION_MODE = wholemodule;
				SWIFT_OPTIMIZATION_LEVEL = "-O";
				VALIDATE_PRODUCT = YES;
			};
			name = Release;
		};
		DA9997D82A660645001CD456 /* Debug */ = {
			isa = XCBuildConfiguration;
			buildSettings = {
				ASSETCATALOG_COMPILER_APPICON_NAME = AppIcon;
				ASSETCATALOG_COMPILER_GLOBAL_ACCENT_COLOR_NAME = AccentColor;
				CODE_SIGN_STYLE = Automatic;
				CURRENT_PROJECT_VERSION = 1;
				GENERATE_INFOPLIST_FILE = YES;
				INFOPLIST_FILE = PracticeApp/Info.plist;
				INFOPLIST_KEY_UIApplicationSupportsIndirectInputEvents = YES;
				INFOPLIST_KEY_UILaunchStoryboardName = LaunchScreen;
				INFOPLIST_KEY_UISupportedInterfaceOrientations_iPad = "UIInterfaceOrientationPortrait UIInterfaceOrientationPortraitUpsideDown UIInterfaceOrientationLandscapeLeft UIInterfaceOrientationLandscapeRight";
				INFOPLIST_KEY_UISupportedInterfaceOrientations_iPhone = "UIInterfaceOrientationPortrait UIInterfaceOrientationLandscapeLeft UIInterfaceOrientationLandscapeRight";
				LD_RUNPATH_SEARCH_PATHS = (
					"$(inherited)",
					"@executable_path/Frameworks",
				);
				MARKETING_VERSION = 1.0;
				PRODUCT_BUNDLE_IDENTIFIER = skynoff.PracticeApp;
				PRODUCT_NAME = "$(TARGET_NAME)";
				SWIFT_EMIT_LOC_STRINGS = YES;
				SWIFT_VERSION = 5.0;
				TARGETED_DEVICE_FAMILY = "1,2";
			};
			name = Debug;
		};
		DA9997D92A660645001CD456 /* Release */ = {
			isa = XCBuildConfiguration;
			buildSettings = {
				ASSETCATALOG_COMPILER_APPICON_NAME = AppIcon;
				ASSETCATALOG_COMPILER_GLOBAL_ACCENT_COLOR_NAME = AccentColor;
				CODE_SIGN_STYLE = Automatic;
				CURRENT_PROJECT_VERSION = 1;
				GENERATE_INFOPLIST_FILE = YES;
				INFOPLIST_FILE = PracticeApp/Info.plist;
				INFOPLIST_KEY_UIApplicationSupportsIndirectInputEvents = YES;
				INFOPLIST_KEY_UILaunchStoryboardName = LaunchScreen;
				INFOPLIST_KEY_UISupportedInterfaceOrientations_iPad = "UIInterfaceOrientationPortrait UIInterfaceOrientationPortraitUpsideDown UIInterfaceOrientationLandscapeLeft UIInterfaceOrientationLandscapeRight";
				INFOPLIST_KEY_UISupportedInterfaceOrientations_iPhone = "UIInterfaceOrientationPortrait UIInterfaceOrientationLandscapeLeft UIInterfaceOrientationLandscapeRight";
				LD_RUNPATH_SEARCH_PATHS = (
					"$(inherited)",
					"@executable_path/Frameworks",
				);
				MARKETING_VERSION = 1.0;
				PRODUCT_BUNDLE_IDENTIFIER = skynoff.PracticeApp;
				PRODUCT_NAME = "$(TARGET_NAME)";
				SWIFT_EMIT_LOC_STRINGS = YES;
				SWIFT_VERSION = 5.0;
				TARGETED_DEVICE_FAMILY = "1,2";
			};
			name = Release;
		};
		DA9997DB2A660645001CD456 /* Debug */ = {
			isa = XCBuildConfiguration;
			buildSettings = {
				ALWAYS_EMBED_SWIFT_STANDARD_LIBRARIES = YES;
				BUNDLE_LOADER = "$(TEST_HOST)";
				CODE_SIGN_STYLE = Automatic;
				CURRENT_PROJECT_VERSION = 1;
				GENERATE_INFOPLIST_FILE = YES;
				IPHONEOS_DEPLOYMENT_TARGET = 16.4;
				MARKETING_VERSION = 1.0;
				PRODUCT_BUNDLE_IDENTIFIER = skynoff.PracticeAppTests;
				PRODUCT_NAME = "$(TARGET_NAME)";
				SWIFT_EMIT_LOC_STRINGS = NO;
				SWIFT_VERSION = 5.0;
				TARGETED_DEVICE_FAMILY = "1,2";
				TEST_HOST = "$(BUILT_PRODUCTS_DIR)/PracticeApp.app/$(BUNDLE_EXECUTABLE_FOLDER_PATH)/PracticeApp";
			};
			name = Debug;
		};
		DA9997DC2A660645001CD456 /* Release */ = {
			isa = XCBuildConfiguration;
			buildSettings = {
				ALWAYS_EMBED_SWIFT_STANDARD_LIBRARIES = YES;
				BUNDLE_LOADER = "$(TEST_HOST)";
				CODE_SIGN_STYLE = Automatic;
				CURRENT_PROJECT_VERSION = 1;
				GENERATE_INFOPLIST_FILE = YES;
				IPHONEOS_DEPLOYMENT_TARGET = 16.4;
				MARKETING_VERSION = 1.0;
				PRODUCT_BUNDLE_IDENTIFIER = skynoff.PracticeAppTests;
				PRODUCT_NAME = "$(TARGET_NAME)";
				SWIFT_EMIT_LOC_STRINGS = NO;
				SWIFT_VERSION = 5.0;
				TARGETED_DEVICE_FAMILY = "1,2";
				TEST_HOST = "$(BUILT_PRODUCTS_DIR)/PracticeApp.app/$(BUNDLE_EXECUTABLE_FOLDER_PATH)/PracticeApp";
			};
			name = Release;
		};
		DA9997DE2A660645001CD456 /* Debug */ = {
			isa = XCBuildConfiguration;
			buildSettings = {
				ALWAYS_EMBED_SWIFT_STANDARD_LIBRARIES = YES;
				CODE_SIGN_STYLE = Automatic;
				CURRENT_PROJECT_VERSION = 1;
				GENERATE_INFOPLIST_FILE = YES;
				MARKETING_VERSION = 1.0;
				PRODUCT_BUNDLE_IDENTIFIER = skynoff.PracticeAppUITests;
				PRODUCT_NAME = "$(TARGET_NAME)";
				SWIFT_EMIT_LOC_STRINGS = NO;
				SWIFT_VERSION = 5.0;
				TARGETED_DEVICE_FAMILY = "1,2";
				TEST_TARGET_NAME = PracticeApp;
			};
			name = Debug;
		};
		DA9997DF2A660645001CD456 /* Release */ = {
			isa = XCBuildConfiguration;
			buildSettings = {
				ALWAYS_EMBED_SWIFT_STANDARD_LIBRARIES = YES;
				CODE_SIGN_STYLE = Automatic;
				CURRENT_PROJECT_VERSION = 1;
				GENERATE_INFOPLIST_FILE = YES;
				MARKETING_VERSION = 1.0;
				PRODUCT_BUNDLE_IDENTIFIER = skynoff.PracticeAppUITests;
				PRODUCT_NAME = "$(TARGET_NAME)";
				SWIFT_EMIT_LOC_STRINGS = NO;
				SWIFT_VERSION = 5.0;
				TARGETED_DEVICE_FAMILY = "1,2";
				TEST_TARGET_NAME = PracticeApp;
			};
			name = Release;
		};
/* End XCBuildConfiguration section */

/* Begin XCConfigurationList section */
		DA9997A82A66063F001CD456 /* Build configuration list for PBXProject "PracticeApp" */ = {
			isa = XCConfigurationList;
			buildConfigurations = (
				DA9997D52A660645001CD456 /* Debug */,
				DA9997D62A660645001CD456 /* Release */,
			);
			defaultConfigurationIsVisible = 0;
			defaultConfigurationName = Release;
		};
		DA9997D72A660645001CD456 /* Build configuration list for PBXNativeTarget "PracticeApp" */ = {
			isa = XCConfigurationList;
			buildConfigurations = (
				DA9997D82A660645001CD456 /* Debug */,
				DA9997D92A660645001CD456 /* Release */,
			);
			defaultConfigurationIsVisible = 0;
			defaultConfigurationName = Release;
		};
		DA9997DA2A660645001CD456 /* Build configuration list for PBXNativeTarget "PracticeAppTests" */ = {
			isa = XCConfigurationList;
			buildConfigurations = (
				DA9997DB2A660645001CD456 /* Debug */,
				DA9997DC2A660645001CD456 /* Release */,
			);
			defaultConfigurationIsVisible = 0;
			defaultConfigurationName = Release;
		};
		DA9997DD2A660645001CD456 /* Build configuration list for PBXNativeTarget "PracticeAppUITests" */ = {
			isa = XCConfigurationList;
			buildConfigurations = (
				DA9997DE2A660645001CD456 /* Debug */,
				DA9997DF2A660645001CD456 /* Release */,
			);
			defaultConfigurationIsVisible = 0;
			defaultConfigurationName = Release;
		};
/* End XCConfigurationList section */
	};
	rootObject = DA9997A52A66063E001CD456 /* Project object */;
}
